
Microsoft Visual Studio Solution File, Format Version 12.00
# Visual Studio 15
VisualStudioVersion = 15.0.27130.2003
MinimumVisualStudioVersion = 10.0.40219.1
Project("{FAE04EC0-301F-11D3-BF4B-00C04F79EFBC}") = "mainEntrance", "mainApp\mainEntrance.csproj", "{7BF6FE9D-0A4E-4054-8126-F0ED97826129}"
EndProject
Project("{FAE04EC0-301F-11D3-BF4B-00C04F79EFBC}") = "mainCamp", "mainCamp\mainCamp.csproj", "{A8DC9E49-D911-4E38-9570-60A1065D7AF7}"
EndProject
Project("{FAE04EC0-301F-11D3-BF4B-00C04F79EFBC}") = "mainShop", "mainShop\mainShop.csproj", "{7C64692A-9D1A-412F-BE32-71FA52478305}"
EndProject
Project("{FAE04EC0-301F-11D3-BF4B-00C04F79EFBC}") = "mainBoss", "mainBoss\mainBoss.csproj", "{EBE5F6E4-ABAF-4F92-8D7D-523D3D2ECE6F}"
EndProject
Project("{FAE04EC0-301F-11D3-BF4B-00C04F79EFBC}") = "mainLoan", "mainLoanForm\mainLoan.csproj", "{5BD03E83-F46A-42AE-AD08-9BE54F6BC5A6}"
EndProject
Global
	GlobalSection(SolutionConfigurationPlatforms) = preSolution
		Debug|Any CPU = Debug|Any CPU
		Release|Any CPU = Release|Any CPU
	EndGlobalSection
	GlobalSection(ProjectConfigurationPlatforms) = postSolution
		{7BF6FE9D-0A4E-4054-8126-F0ED97826129}.Debug|Any CPU.ActiveCfg = Debug|Any CPU
		{7BF6FE9D-0A4E-4054-8126-F0ED97826129}.Debug|Any CPU.Build.0 = Debug|Any CPU
		{7BF6FE9D-0A4E-4054-8126-F0ED97826129}.Release|Any CPU.ActiveCfg = Release|Any CPU
		{7BF6FE9D-0A4E-4054-8126-F0ED97826129}.Release|Any CPU.Build.0 = Release|Any CPU
		{A8DC9E49-D911-4E38-9570-60A1065D7AF7}.Debug|Any CPU.ActiveCfg = Debug|Any CPU
		{A8DC9E49-D911-4E38-9570-60A1065D7AF7}.Debug|Any CPU.Build.0 = Debug|Any CPU
		{A8DC9E49-D911-4E38-9570-60A1065D7AF7}.Release|Any CPU.ActiveCfg = Release|Any CPU
		{A8DC9E49-D911-4E38-9570-60A1065D7AF7}.Release|Any CPU.Build.0 = Release|Any CPU
		{7C64692A-9D1A-412F-BE32-71FA52478305}.Debug|Any CPU.ActiveCfg = Debug|Any CPU
		{7C64692A-9D1A-412F-BE32-71FA52478305}.Debug|Any CPU.Build.0 = Debug|Any CPU
		{7C64692A-9D1A-412F-BE32-71FA52478305}.Release|Any CPU.ActiveCfg = Release|Any CPU
		{7C64692A-9D1A-412F-BE32-71FA52478305}.Release|Any CPU.Build.0 = Release|Any CPU
		{EBE5F6E4-ABAF-4F92-8D7D-523D3D2ECE6F}.Debug|Any CPU.ActiveCfg = Debug|Any CPU
		{EBE5F6E4-ABAF-4F92-8D7D-523D3D2ECE6F}.Debug|Any CPU.Build.0 = Debug|Any CPU
		{EBE5F6E4-ABAF-4F92-8D7D-523D3D2ECE6F}.Release|Any CPU.ActiveCfg = Release|Any CPU
		{EBE5F6E4-ABAF-4F92-8D7D-523D3D2ECE6F}.Release|Any CPU.Build.0 = Release|Any CPU
		{5BD03E83-F46A-42AE-AD08-9BE54F6BC5A6}.Debug|Any CPU.ActiveCfg = Debug|Any CPU
		{5BD03E83-F46A-42AE-AD08-9BE54F6BC5A6}.Debug|Any CPU.Build.0 = Debug|Any CPU
		{5BD03E83-F46A-42AE-AD08-9BE54F6BC5A6}.Release|Any CPU.ActiveCfg = Release|Any CPU
		{5BD03E83-F46A-42AE-AD08-9BE54F6BC5A6}.Release|Any CPU.Build.0 = Release|Any CPU
	EndGlobalSection
	GlobalSection(SolutionProperties) = preSolution
		HideSolutionNode = FALSE
	EndGlobalSection
	GlobalSection(ExtensibilityGlobals) = postSolution
		SolutionGuid = {B0BEC906-AD2D-4271-A529-2B3F4906143E}
	EndGlobalSection
EndGlobal
